
Microsoft Visual Studio Solution File, Format Version 12.00
# Visual Studio 15
VisualStudioVersion = 15.0.28010.2026
MinimumVisualStudioVersion = 10.0.40219.1
Project("{FAE04EC0-301F-11D3-BF4B-00C04F79EFBC}") = "Life", "Life\Life.csproj", "{99A6A655-E4F4-4477-9EFF-AAE63DBECC89}"
EndProject
Global
	GlobalSection(SolutionConfigurationPlatforms) = preSolution
		Debug|Any CPU = Debug|Any CPU
		Release|Any CPU = Release|Any CPU
	EndGlobalSection
	GlobalSection(ProjectConfigurationPlatforms) = postSolution
		{99A6A655-E4F4-4477-9EFF-AAE63DBECC89}.Debug|Any CPU.ActiveCfg = Debug|Any CPU
		{99A6A655-E4F4-4477-9EFF-AAE63DBECC89}.Debug|Any CPU.Build.0 = Debug|Any CPU
		{99A6A655-E4F4-4477-9EFF-AAE63DBECC89}.Release|Any CPU.ActiveCfg = Release|Any CPU
		{99A6A655-E4F4-4477-9EFF-AAE63DBECC89}.Release|Any CPU.Build.0 = Release|Any CPU
	EndGlobalSection
	GlobalSection(SolutionProperties) = preSolution
		HideSolutionNode = FALSE
	EndGlobalSection
	GlobalSection(ExtensibilityGlobals) = postSolution
		SolutionGuid = {88604FC0-DEE3-4A8A-A01E-51033CA1C1E5}
	EndGlobalSection
EndGlobal
